// !$*UTF8*$!
{
	archiveVersion = 1;
	classes = {
	};
	objectVersion = 45;
	objects = {

/* Begin PBXBuildFile section */
		6C05404B11FB330900FDFB3D /* IOCContainerGetComponentsTests.m in Sources */ = {isa = PBXBuildFile; fileRef = 6C05404A11FB330900FDFB3D /* IOCContainerGetComponentsTests.m */; };
		6C0540C611FB4B5B00FDFB3D /* MVIOCProperty.m in Sources */ = {isa = PBXBuildFile; fileRef = 6C0540C511FB4B5B00FDFB3D /* MVIOCProperty.m */; };
		6C05420D11FC74D400FDFB3D /* MVIOCPropertyFactory.m in Sources */ = {isa = PBXBuildFile; fileRef = 6C05420C11FC74D400FDFB3D /* MVIOCPropertyFactory.m */; };
		6C0544E611FD689200FDFB3D /* libOCMock.a in Frameworks */ = {isa = PBXBuildFile; fileRef = 6C0544E511FD689200FDFB3D /* libOCMock.a */; };
		6C07A74A11FDEB1500358364 /* MVIOCSingletonCache.m in Sources */ = {isa = PBXBuildFile; fileRef = 6C07A74911FDEB1500358364 /* MVIOCSingletonCache.m */; };
		6C07A75011FDF0F900358364 /* IOCSingletonCacheTests.m in Sources */ = {isa = PBXBuildFile; fileRef = 6C07A74F11FDF0F900358364 /* IOCSingletonCacheTests.m */; };
		6C07A88C11FEDE8300358364 /* MVIOCContainer.h in Headers */ = {isa = PBXBuildFile; fileRef = 6C1D740011F2387600F0EFC2 /* MVIOCContainer.h */; };
		6C07A88D11FEDE8300358364 /* MVIOCProperty.h in Headers */ = {isa = PBXBuildFile; fileRef = 6C0540C411FB4B5B00FDFB3D /* MVIOCProperty.h */; };
		6C07A88E11FEDE8300358364 /* MVIOCFactory.h in Headers */ = {isa = PBXBuildFile; fileRef = 6C05420A11FC748600FDFB3D /* MVIOCFactory.h */; };
		6C07A88F11FEDE8300358364 /* MVIOCCache.h in Headers */ = {isa = PBXBuildFile; fileRef = 6C07A70E11FDE55C00358364 /* MVIOCCache.h */; };
		6C07A89011FEDE8300358364 /* MVIOCSingletonCache.h in Headers */ = {isa = PBXBuildFile; fileRef = 6C07A74811FDEB1500358364 /* MVIOCSingletonCache.h */; };
		6C07A89111FEDEB200358364 /* MVIOCContainer.m in Sources */ = {isa = PBXBuildFile; fileRef = 6C1D740111F2387600F0EFC2 /* MVIOCContainer.m */; };
		6C07A89211FEDEB200358364 /* MVIOCProperty.m in Sources */ = {isa = PBXBuildFile; fileRef = 6C0540C511FB4B5B00FDFB3D /* MVIOCProperty.m */; };
		6C07A89311FEDEB200358364 /* MVIOCPropertyFactory.m in Sources */ = {isa = PBXBuildFile; fileRef = 6C05420C11FC74D400FDFB3D /* MVIOCPropertyFactory.m */; };
		6C07A89411FEDEB200358364 /* MVIOCSingletonCache.m in Sources */ = {isa = PBXBuildFile; fileRef = 6C07A74911FDEB1500358364 /* MVIOCSingletonCache.m */; };
		6C07A93A11FEDEC100358364 /* Foundation.framework in Frameworks */ = {isa = PBXBuildFile; fileRef = 1D30AB110D05D00D00671497 /* Foundation.framework */; };
		6C07A93B11FEDEC100358364 /* UIKit.framework in Frameworks */ = {isa = PBXBuildFile; fileRef = 6C0543AC11FCABAE00FDFB3D /* UIKit.framework */; };
		6C07AA2211FF2B9F00358364 /* MVIOCPropertyFactory.h in Headers */ = {isa = PBXBuildFile; fileRef = 6C05420B11FC74D400FDFB3D /* MVIOCPropertyFactory.h */; };
		6C07AA2311FF2BA400358364 /* MVIOC.h in Headers */ = {isa = PBXBuildFile; fileRef = 6C07AA1F11FF2B1100358364 /* MVIOC.h */; };
		6C07AA5311FF385900358364 /* IOCPropertyFactoryTests.m in Sources */ = {isa = PBXBuildFile; fileRef = 6C07AA5211FF385900358364 /* IOCPropertyFactoryTests.m */; };
		6C07AA8111FF3D7700358364 /* TestClasses.m in Sources */ = {isa = PBXBuildFile; fileRef = 6C07AA8011FF3D7700358364 /* TestClasses.m */; };
		6C1D73F411F237B800F0EFC2 /* IOCContainerAddComponentsTests.m in Sources */ = {isa = PBXBuildFile; fileRef = 6C1D73F311F237B800F0EFC2 /* IOCContainerAddComponentsTests.m */; };
		6C1D741511F2390B00F0EFC2 /* MVIOCContainer.m in Sources */ = {isa = PBXBuildFile; fileRef = 6C1D740111F2387600F0EFC2 /* MVIOCContainer.m */; };
		6C3BEDDF1201D16500A3205F /* MVIOCPropertyTests.m in Sources */ = {isa = PBXBuildFile; fileRef = 6C3BEDDE1201D16500A3205F /* MVIOCPropertyTests.m */; };
/* End PBXBuildFile section */

/* Begin PBXFileReference section */
		1D30AB110D05D00D00671497 /* Foundation.framework */ = {isa = PBXFileReference; lastKnownFileType = wrapper.framework; name = Foundation.framework; path = System/Library/Frameworks/Foundation.framework; sourceTree = SDKROOT; };
		29B97316FDCFA39411CA2CEA /* main.m */ = {isa = PBXFileReference; fileEncoding = 4; lastKnownFileType = sourcecode.c.objc; path = main.m; sourceTree = "<group>"; };
		32CA4F630368D1EE00C91783 /* IOC_Prefix.pch */ = {isa = PBXFileReference; fileEncoding = 4; lastKnownFileType = sourcecode.c.h; path = IOC_Prefix.pch; sourceTree = "<group>"; };
		6C05404911FB330900FDFB3D /* IOCContainerGetComponentsTests.h */ = {isa = PBXFileReference; fileEncoding = 4; lastKnownFileType = sourcecode.c.h; path = IOCContainerGetComponentsTests.h; sourceTree = "<group>"; };
		6C05404A11FB330900FDFB3D /* IOCContainerGetComponentsTests.m */ = {isa = PBXFileReference; fileEncoding = 4; lastKnownFileType = sourcecode.c.objc; path = IOCContainerGetComponentsTests.m; sourceTree = "<group>"; };
		6C0540C411FB4B5B00FDFB3D /* MVIOCProperty.h */ = {isa = PBXFileReference; fileEncoding = 4; lastKnownFileType = sourcecode.c.h; path = MVIOCProperty.h; sourceTree = "<group>"; };
		6C0540C511FB4B5B00FDFB3D /* MVIOCProperty.m */ = {isa = PBXFileReference; fileEncoding = 4; lastKnownFileType = sourcecode.c.objc; name = MVIOCProperty.m; path = ../MVIOCProperty.m; sourceTree = "<group>"; };
		6C05420A11FC748600FDFB3D /* MVIOCFactory.h */ = {isa = PBXFileReference; fileEncoding = 4; lastKnownFileType = sourcecode.c.h; path = MVIOCFactory.h; sourceTree = "<group>"; };
		6C05420B11FC74D400FDFB3D /* MVIOCPropertyFactory.h */ = {isa = PBXFileReference; fileEncoding = 4; lastKnownFileType = sourcecode.c.h; path = MVIOCPropertyFactory.h; sourceTree = "<group>"; };
		6C05420C11FC74D400FDFB3D /* MVIOCPropertyFactory.m */ = {isa = PBXFileReference; fileEncoding = 4; lastKnownFileType = sourcecode.c.objc; name = MVIOCPropertyFactory.m; path = ../MVIOCPropertyFactory.m; sourceTree = "<group>"; };
		6C0543AC11FCABAE00FDFB3D /* UIKit.framework */ = {isa = PBXFileReference; lastKnownFileType = wrapper.framework; name = UIKit.framework; path = System/Library/Frameworks/UIKit.framework; sourceTree = SDKROOT; };
		6C0544DF11FD689200FDFB3D /* NSNotificationCenter+OCMAdditions.h */ = {isa = PBXFileReference; fileEncoding = 4; lastKnownFileType = sourcecode.c.h; path = "NSNotificationCenter+OCMAdditions.h"; sourceTree = "<group>"; };
		6C0544E011FD689200FDFB3D /* OCMArg.h */ = {isa = PBXFileReference; fileEncoding = 4; lastKnownFileType = sourcecode.c.h; path = OCMArg.h; sourceTree = "<group>"; };
		6C0544E111FD689200FDFB3D /* OCMConstraint.h */ = {isa = PBXFileReference; fileEncoding = 4; lastKnownFileType = sourcecode.c.h; path = OCMConstraint.h; sourceTree = "<group>"; };
		6C0544E211FD689200FDFB3D /* OCMock.h */ = {isa = PBXFileReference; fileEncoding = 4; lastKnownFileType = sourcecode.c.h; path = OCMock.h; sourceTree = "<group>"; };
		6C0544E311FD689200FDFB3D /* OCMockObject.h */ = {isa = PBXFileReference; fileEncoding = 4; lastKnownFileType = sourcecode.c.h; path = OCMockObject.h; sourceTree = "<group>"; };
		6C0544E411FD689200FDFB3D /* OCMockRecorder.h */ = {isa = PBXFileReference; fileEncoding = 4; lastKnownFileType = sourcecode.c.h; path = OCMockRecorder.h; sourceTree = "<group>"; };
		6C0544E511FD689200FDFB3D /* libOCMock.a */ = {isa = PBXFileReference; lastKnownFileType = archive.ar; path = libOCMock.a; sourceTree = "<group>"; };
		6C07A70E11FDE55C00358364 /* MVIOCCache.h */ = {isa = PBXFileReference; fileEncoding = 4; lastKnownFileType = sourcecode.c.h; path = MVIOCCache.h; sourceTree = "<group>"; };
		6C07A74811FDEB1500358364 /* MVIOCSingletonCache.h */ = {isa = PBXFileReference; fileEncoding = 4; lastKnownFileType = sourcecode.c.h; path = MVIOCSingletonCache.h; sourceTree = "<group>"; };
		6C07A74911FDEB1500358364 /* MVIOCSingletonCache.m */ = {isa = PBXFileReference; fileEncoding = 4; lastKnownFileType = sourcecode.c.objc; name = MVIOCSingletonCache.m; path = ../MVIOCSingletonCache.m; sourceTree = "<group>"; };
		6C07A74E11FDF0F900358364 /* IOCSingletonCacheTests.h */ = {isa = PBXFileReference; fileEncoding = 4; lastKnownFileType = sourcecode.c.h; path = IOCSingletonCacheTests.h; sourceTree = "<group>"; };
		6C07A74F11FDF0F900358364 /* IOCSingletonCacheTests.m */ = {isa = PBXFileReference; fileEncoding = 4; lastKnownFileType = sourcecode.c.objc; path = IOCSingletonCacheTests.m; sourceTree = "<group>"; };
		6C07A88211FEDDCA00358364 /* libIOC.a */ = {isa = PBXFileReference; explicitFileType = archive.ar; includeInIndex = 0; path = libIOC.a; sourceTree = BUILT_PRODUCTS_DIR; };
		6C07AA1F11FF2B1100358364 /* MVIOC.h */ = {isa = PBXFileReference; fileEncoding = 4; lastKnownFileType = sourcecode.c.h; path = MVIOC.h; sourceTree = "<group>"; };
		6C07AA5111FF385900358364 /* IOCPropertyFactoryTests.h */ = {isa = PBXFileReference; fileEncoding = 4; lastKnownFileType = sourcecode.c.h; path = IOCPropertyFactoryTests.h; sourceTree = "<group>"; };
		6C07AA5211FF385900358364 /* IOCPropertyFactoryTests.m */ = {isa = PBXFileReference; fileEncoding = 4; lastKnownFileType = sourcecode.c.objc; path = IOCPropertyFactoryTests.m; sourceTree = "<group>"; };
		6C07AA7F11FF3D7700358364 /* TestClasses.h */ = {isa = PBXFileReference; fileEncoding = 4; lastKnownFileType = sourcecode.c.h; path = TestClasses.h; sourceTree = "<group>"; };
		6C07AA8011FF3D7700358364 /* TestClasses.m */ = {isa = PBXFileReference; fileEncoding = 4; lastKnownFileType = sourcecode.c.objc; path = TestClasses.m; sourceTree = "<group>"; };
		6C1D739511F21E8400F0EFC2 /* UnitTests.octest */ = {isa = PBXFileReference; explicitFileType = wrapper.cfbundle; includeInIndex = 0; path = UnitTests.octest; sourceTree = BUILT_PRODUCTS_DIR; };
		6C1D739611F21E8400F0EFC2 /* UnitTests-Info.plist */ = {isa = PBXFileReference; lastKnownFileType = text.plist.xml; path = "UnitTests-Info.plist"; sourceTree = "<group>"; };
		6C1D73F211F237B800F0EFC2 /* IOCContainerAddComponentsTests.h */ = {isa = PBXFileReference; fileEncoding = 4; lastKnownFileType = sourcecode.c.h; path = IOCContainerAddComponentsTests.h; sourceTree = "<group>"; };
		6C1D73F311F237B800F0EFC2 /* IOCContainerAddComponentsTests.m */ = {isa = PBXFileReference; fileEncoding = 4; lastKnownFileType = sourcecode.c.objc; path = IOCContainerAddComponentsTests.m; sourceTree = "<group>"; };
		6C1D740011F2387600F0EFC2 /* MVIOCContainer.h */ = {isa = PBXFileReference; fileEncoding = 4; lastKnownFileType = sourcecode.c.h; path = MVIOCContainer.h; sourceTree = "<group>"; };
		6C1D740111F2387600F0EFC2 /* MVIOCContainer.m */ = {isa = PBXFileReference; fileEncoding = 4; lastKnownFileType = sourcecode.c.objc; name = MVIOCContainer.m; path = ../MVIOCContainer.m; sourceTree = "<group>"; };
		6C3BEDDD1201D16500A3205F /* MVIOCPropertyTests.h */ = {isa = PBXFileReference; fileEncoding = 4; lastKnownFileType = sourcecode.c.h; path = MVIOCPropertyTests.h; sourceTree = "<group>"; };
		6C3BEDDE1201D16500A3205F /* MVIOCPropertyTests.m */ = {isa = PBXFileReference; fileEncoding = 4; lastKnownFileType = sourcecode.c.objc; path = MVIOCPropertyTests.m; sourceTree = "<group>"; };
		8D1107310486CEB800E47090 /* IOC-Info.plist */ = {isa = PBXFileReference; fileEncoding = 4; lastKnownFileType = text.plist.xml; path = "IOC-Info.plist"; plistStructureDefinitionIdentifier = "com.apple.xcode.plist.structure-definition.iphone.info-plist"; sourceTree = "<group>"; };
/* End PBXFileReference section */

/* Begin PBXFrameworksBuildPhase section */
		6C07A88011FEDDCA00358364 /* Frameworks */ = {
			isa = PBXFrameworksBuildPhase;
			buildActionMask = 2147483647;
			files = (
				6C07A93A11FEDEC100358364 /* Foundation.framework in Frameworks */,
				6C07A93B11FEDEC100358364 /* UIKit.framework in Frameworks */,
			);
			runOnlyForDeploymentPostprocessing = 0;
		};
		6C1D739211F21E8400F0EFC2 /* Frameworks */ = {
			isa = PBXFrameworksBuildPhase;
			buildActionMask = 2147483647;
			files = (
				6C0544E611FD689200FDFB3D /* libOCMock.a in Frameworks */,
			);
			runOnlyForDeploymentPostprocessing = 0;
		};
/* End PBXFrameworksBuildPhase section */

/* Begin PBXGroup section */
		080E96DDFE201D6D7F000001 /* Classes */ = {
			isa = PBXGroup;
			children = (
				6C1D73D711F2331700F0EFC2 /* MVIOC */,
			);
			path = Classes;
			sourceTree = "<group>";
		};
		19C28FACFE9D520D11CA2CBB /* Products */ = {
			isa = PBXGroup;
			children = (
				6C1D739511F21E8400F0EFC2 /* UnitTests.octest */,
				6C07A88211FEDDCA00358364 /* libIOC.a */,
			);
			name = Products;
			sourceTree = "<group>";
		};
		29B97314FDCFA39411CA2CEA /* CustomTemplate */ = {
			isa = PBXGroup;
			children = (
				6C0544DC11FD689200FDFB3D /* OCMock */,
				6C1D73A411F21EE900F0EFC2 /* UnitTests */,
				080E96DDFE201D6D7F000001 /* Classes */,
				29B97315FDCFA39411CA2CEA /* Other Sources */,
				29B97317FDCFA39411CA2CEA /* Resources */,
				29B97323FDCFA39411CA2CEA /* Frameworks */,
				19C28FACFE9D520D11CA2CBB /* Products */,
				6C1D739611F21E8400F0EFC2 /* UnitTests-Info.plist */,
			);
			name = CustomTemplate;
			sourceTree = "<group>";
		};
		29B97315FDCFA39411CA2CEA /* Other Sources */ = {
			isa = PBXGroup;
			children = (
				32CA4F630368D1EE00C91783 /* IOC_Prefix.pch */,
				29B97316FDCFA39411CA2CEA /* main.m */,
			);
			name = "Other Sources";
			sourceTree = "<group>";
		};
		29B97317FDCFA39411CA2CEA /* Resources */ = {
			isa = PBXGroup;
			children = (
				8D1107310486CEB800E47090 /* IOC-Info.plist */,
			);
			name = Resources;
			sourceTree = "<group>";
		};
		29B97323FDCFA39411CA2CEA /* Frameworks */ = {
			isa = PBXGroup;
			children = (
				1D30AB110D05D00D00671497 /* Foundation.framework */,
				6C0543AC11FCABAE00FDFB3D /* UIKit.framework */,
			);
			name = Frameworks;
			sourceTree = "<group>";
		};
		6C0544DC11FD689200FDFB3D /* OCMock */ = {
			isa = PBXGroup;
			children = (
				6C0544DD11FD689200FDFB3D /* Headers */,
				6C0544E511FD689200FDFB3D /* libOCMock.a */,
			);
			path = OCMock;
			sourceTree = "<group>";
		};
		6C0544DD11FD689200FDFB3D /* Headers */ = {
			isa = PBXGroup;
			children = (
				6C0544DE11FD689200FDFB3D /* OCMock */,
			);
			path = Headers;
			sourceTree = "<group>";
		};
		6C0544DE11FD689200FDFB3D /* OCMock */ = {
			isa = PBXGroup;
			children = (
				6C0544DF11FD689200FDFB3D /* NSNotificationCenter+OCMAdditions.h */,
				6C0544E011FD689200FDFB3D /* OCMArg.h */,
				6C0544E111FD689200FDFB3D /* OCMConstraint.h */,
				6C0544E211FD689200FDFB3D /* OCMock.h */,
				6C0544E311FD689200FDFB3D /* OCMockObject.h */,
				6C0544E411FD689200FDFB3D /* OCMockRecorder.h */,
			);
			path = OCMock;
			sourceTree = "<group>";
		};
		6C1D73A411F21EE900F0EFC2 /* UnitTests */ = {
			isa = PBXGroup;
			children = (
				6C1D73F211F237B800F0EFC2 /* IOCContainerAddComponentsTests.h */,
				6C1D73F311F237B800F0EFC2 /* IOCContainerAddComponentsTests.m */,
				6C05404911FB330900FDFB3D /* IOCContainerGetComponentsTests.h */,
				6C05404A11FB330900FDFB3D /* IOCContainerGetComponentsTests.m */,
				6C07A74E11FDF0F900358364 /* IOCSingletonCacheTests.h */,
				6C07A74F11FDF0F900358364 /* IOCSingletonCacheTests.m */,
				6C07AA5111FF385900358364 /* IOCPropertyFactoryTests.h */,
				6C07AA5211FF385900358364 /* IOCPropertyFactoryTests.m */,
				6C07AA7F11FF3D7700358364 /* TestClasses.h */,
				6C07AA8011FF3D7700358364 /* TestClasses.m */,
				6C3BEDDD1201D16500A3205F /* MVIOCPropertyTests.h */,
				6C3BEDDE1201D16500A3205F /* MVIOCPropertyTests.m */,
			);
			path = UnitTests;
			sourceTree = "<group>";
		};
		6C1D73D711F2331700F0EFC2 /* MVIOC */ = {
			isa = PBXGroup;
			children = (
				6C1D740011F2387600F0EFC2 /* MVIOCContainer.h */,
				6C1D740111F2387600F0EFC2 /* MVIOCContainer.m */,
				6C0540C411FB4B5B00FDFB3D /* MVIOCProperty.h */,
				6C0540C511FB4B5B00FDFB3D /* MVIOCProperty.m */,
				6C05420A11FC748600FDFB3D /* MVIOCFactory.h */,
				6C05420B11FC74D400FDFB3D /* MVIOCPropertyFactory.h */,
				6C05420C11FC74D400FDFB3D /* MVIOCPropertyFactory.m */,
				6C07A70E11FDE55C00358364 /* MVIOCCache.h */,
				6C07A74811FDEB1500358364 /* MVIOCSingletonCache.h */,
				6C07A74911FDEB1500358364 /* MVIOCSingletonCache.m */,
				6C07AA1F11FF2B1100358364 /* MVIOC.h */,
			);
			path = MVIOC;
			sourceTree = "<group>";
		};
/* End PBXGroup section */

/* Begin PBXHeadersBuildPhase section */
		6C07A87E11FEDDCA00358364 /* Headers */ = {
			isa = PBXHeadersBuildPhase;
			buildActionMask = 2147483647;
			files = (
				6C07AA2311FF2BA400358364 /* MVIOC.h in Headers */,
				6C07AA2211FF2B9F00358364 /* MVIOCPropertyFactory.h in Headers */,
				6C07A88C11FEDE8300358364 /* MVIOCContainer.h in Headers */,
				6C07A88D11FEDE8300358364 /* MVIOCProperty.h in Headers */,
				6C07A88E11FEDE8300358364 /* MVIOCFactory.h in Headers */,
				6C07A88F11FEDE8300358364 /* MVIOCCache.h in Headers */,
				6C07A89011FEDE8300358364 /* MVIOCSingletonCache.h in Headers */,
			);
			runOnlyForDeploymentPostprocessing = 0;
		};
/* End PBXHeadersBuildPhase section */

/* Begin PBXNativeTarget section */
		6C07A88111FEDDCA00358364 /* IOC */ = {
			isa = PBXNativeTarget;
			buildConfigurationList = 6C07A88611FEDDCD00358364 /* Build configuration list for PBXNativeTarget "IOC" */;
			buildPhases = (
				6C07A87E11FEDDCA00358364 /* Headers */,
				6C07A87F11FEDDCA00358364 /* Sources */,
				6C07A88011FEDDCA00358364 /* Frameworks */,
			);
			buildRules = (
			);
			dependencies = (
			);
			name = IOC;
			productName = IOC;
			productReference = 6C07A88211FEDDCA00358364 /* libIOC.a */;
			productType = "com.apple.product-type.library.static";
		};
		6C1D739411F21E8400F0EFC2 /* UnitTests */ = {
			isa = PBXNativeTarget;
			buildConfigurationList = 6C1D739911F21E8500F0EFC2 /* Build configuration list for PBXNativeTarget "UnitTests" */;
			buildPhases = (
				6C1D739011F21E8400F0EFC2 /* Resources */,
				6C1D739111F21E8400F0EFC2 /* Sources */,
				6C1D739211F21E8400F0EFC2 /* Frameworks */,
				6C1D739311F21E8400F0EFC2 /* ShellScript */,
			);
			buildRules = (
			);
			dependencies = (
			);
			name = UnitTests;
			productName = UnitTests;
			productReference = 6C1D739511F21E8400F0EFC2 /* UnitTests.octest */;
			productType = "com.apple.product-type.bundle";
		};
/* End PBXNativeTarget section */

/* Begin PBXProject section */
		29B97313FDCFA39411CA2CEA /* Project object */ = {
			isa = PBXProject;
			buildConfigurationList = C01FCF4E08A954540054247B /* Build configuration list for PBXProject "IOC" */;
			compatibilityVersion = "Xcode 3.1";
			hasScannedForEncodings = 1;
			mainGroup = 29B97314FDCFA39411CA2CEA /* CustomTemplate */;
			projectDirPath = "";
			projectRoot = "";
			targets = (
				6C1D739411F21E8400F0EFC2 /* UnitTests */,
				6C07A88111FEDDCA00358364 /* IOC */,
			);
		};
/* End PBXProject section */

/* Begin PBXResourcesBuildPhase section */
		6C1D739011F21E8400F0EFC2 /* Resources */ = {
			isa = PBXResourcesBuildPhase;
			buildActionMask = 2147483647;
			files = (
			);
			runOnlyForDeploymentPostprocessing = 0;
		};
/* End PBXResourcesBuildPhase section */

/* Begin PBXShellScriptBuildPhase section */
		6C1D739311F21E8400F0EFC2 /* ShellScript */ = {
			isa = PBXShellScriptBuildPhase;
			buildActionMask = 2147483647;
			files = (
			);
			inputPaths = (
			);
			outputPaths = (
			);
			runOnlyForDeploymentPostprocessing = 0;
			shellPath = /bin/sh;
			shellScript = "# Run the unit tests in this test bundle.\n\"${SYSTEM_DEVELOPER_DIR}/Tools/RunUnitTests\"\n";
		};
/* End PBXShellScriptBuildPhase section */

/* Begin PBXSourcesBuildPhase section */
		6C07A87F11FEDDCA00358364 /* Sources */ = {
			isa = PBXSourcesBuildPhase;
			buildActionMask = 2147483647;
			files = (
				6C07A89111FEDEB200358364 /* MVIOCContainer.m in Sources */,
				6C07A89211FEDEB200358364 /* MVIOCProperty.m in Sources */,
				6C07A89311FEDEB200358364 /* MVIOCPropertyFactory.m in Sources */,
				6C07A89411FEDEB200358364 /* MVIOCSingletonCache.m in Sources */,
			);
			runOnlyForDeploymentPostprocessing = 0;
		};
		6C1D739111F21E8400F0EFC2 /* Sources */ = {
			isa = PBXSourcesBuildPhase;
			buildActionMask = 2147483647;
			files = (
				6C1D73F411F237B800F0EFC2 /* IOCContainerAddComponentsTests.m in Sources */,
				6C1D741511F2390B00F0EFC2 /* MVIOCContainer.m in Sources */,
				6C05404B11FB330900FDFB3D /* IOCContainerGetComponentsTests.m in Sources */,
				6C0540C611FB4B5B00FDFB3D /* MVIOCProperty.m in Sources */,
				6C05420D11FC74D400FDFB3D /* MVIOCPropertyFactory.m in Sources */,
				6C07A74A11FDEB1500358364 /* MVIOCSingletonCache.m in Sources */,
				6C07A75011FDF0F900358364 /* IOCSingletonCacheTests.m in Sources */,
				6C07AA5311FF385900358364 /* IOCPropertyFactoryTests.m in Sources */,
				6C07AA8111FF3D7700358364 /* TestClasses.m in Sources */,
				6C3BEDDF1201D16500A3205F /* MVIOCPropertyTests.m in Sources */,
			);
			runOnlyForDeploymentPostprocessing = 0;
		};
/* End PBXSourcesBuildPhase section */

/* Begin XCBuildConfiguration section */
		6C07A88311FEDDCA00358364 /* Debug */ = {
			isa = XCBuildConfiguration;
			buildSettings = {
				ALWAYS_SEARCH_USER_PATHS = NO;
				"CODE_SIGN_IDENTITY[sdk=iphoneos*]" = "iPhone Developer";
				COPY_PHASE_STRIP = NO;
				GCC_DYNAMIC_NO_PIC = NO;
				GCC_OPTIMIZATION_LEVEL = 0;
				PREBINDING = NO;
				PRODUCT_NAME = IOC;
				"PROVISIONING_PROFILE[sdk=iphoneos*]" = "";
			};
			name = Debug;
		};
		6C07A88411FEDDCA00358364 /* Release */ = {
			isa = XCBuildConfiguration;
			buildSettings = {
				ALWAYS_SEARCH_USER_PATHS = NO;
				"CODE_SIGN_IDENTITY[sdk=iphoneos*]" = "iPhone Developer";
				COPY_PHASE_STRIP = YES;
				DEBUG_INFORMATION_FORMAT = "dwarf-with-dsym";
				GCC_ENABLE_FIX_AND_CONTINUE = NO;
				PREBINDING = NO;
				PRODUCT_NAME = IOC;
				"PROVISIONING_PROFILE[sdk=iphoneos*]" = "";
				ZERO_LINK = NO;
			};
			name = Release;
		};
		6C1D739711F21E8500F0EFC2 /* Debug */ = {
			isa = XCBuildConfiguration;
			buildSettings = {
				ALWAYS_SEARCH_USER_PATHS = NO;
				"CODE_SIGN_IDENTITY[sdk=iphoneos*]" = "";
				COPY_PHASE_STRIP = NO;
				FRAMEWORK_SEARCH_PATHS = (
					"\"$(SDKROOT)/Developer/Library/Frameworks\"",
					"\"$(DEVELOPER_LIBRARY_DIR)/Frameworks\"",
				);
				GCC_DYNAMIC_NO_PIC = NO;
				GCC_ENABLE_FIX_AND_CONTINUE = NO;
				GCC_ENABLE_OBJC_EXCEPTIONS = YES;
				GCC_OPTIMIZATION_LEVEL = 0;
				INFOPLIST_FILE = "UnitTests-Info.plist";
				LIBRARY_SEARCH_PATHS = (
					"$(inherited)",
					"\"$(SRCROOT)/OCMock\"",
				);
				OTHER_LDFLAGS = (
					"-all_load",
					"-ObjC",
					"-framework",
					Foundation,
					"-framework",
					SenTestingKit,
					"-framework",
					UIKit,
				);
				PREBINDING = NO;
				PRODUCT_NAME = UnitTests;
				WRAPPER_EXTENSION = octest;
			};
			name = Debug;
		};
		6C1D739811F21E8500F0EFC2 /* Release */ = {
			isa = XCBuildConfiguration;
			buildSettings = {
				ALWAYS_SEARCH_USER_PATHS = NO;
				"CODE_SIGN_IDENTITY[sdk=iphoneos*]" = "";
				COPY_PHASE_STRIP = YES;
				DEBUG_INFORMATION_FORMAT = "dwarf-with-dsym";
				FRAMEWORK_SEARCH_PATHS = (
					"\"$(SDKROOT)/Developer/Library/Frameworks\"",
					"\"$(DEVELOPER_LIBRARY_DIR)/Frameworks\"",
				);
				GCC_ENABLE_FIX_AND_CONTINUE = NO;
				GCC_ENABLE_OBJC_EXCEPTIONS = YES;
				INFOPLIST_FILE = "UnitTests-Info.plist";
				LIBRARY_SEARCH_PATHS = (
					"$(inherited)",
					"\"$(SRCROOT)/OCMock\"",
				);
				OTHER_LDFLAGS = (
					"-all_load",
					"-ObjC",
					"-framework",
					Foundation,
					"-framework",
					SenTestingKit,
					"-framework",
					UIKit,
				);
				PREBINDING = NO;
				PRODUCT_NAME = UnitTests;
				WRAPPER_EXTENSION = octest;
				ZERO_LINK = NO;
			};
			name = Release;
		};
		C01FCF4F08A954540054247B /* Debug */ = {
			isa = XCBuildConfiguration;
			buildSettings = {
				ARCHS = "$(ARCHS_STANDARD_32_BIT)";
				"CODE_SIGN_IDENTITY[sdk=iphoneos*]" = "iPhone Developer";
				GCC_C_LANGUAGE_STANDARD = c99;
				GCC_WARN_ABOUT_RETURN_TYPE = YES;
				GCC_WARN_UNUSED_VARIABLE = YES;
				PREBINDING = NO;
				SDKROOT = iphoneos4.0;
			};
			name = Debug;
		};
		C01FCF5008A954540054247B /* Release */ = {
			isa = XCBuildConfiguration;
			buildSettings = {
				ARCHS = "$(ARCHS_STANDARD_32_BIT)";
				"CODE_SIGN_IDENTITY[sdk=iphoneos*]" = "iPhone Developer";
				GCC_C_LANGUAGE_STANDARD = c99;
				GCC_WARN_ABOUT_RETURN_TYPE = YES;
				GCC_WARN_UNUSED_VARIABLE = YES;
				OTHER_CFLAGS = "-DNS_BLOCK_ASSERTIONS=1";
				PREBINDING = NO;
				SDKROOT = iphoneos4.0;
			};
			name = Release;
		};
/* End XCBuildConfiguration section */

/* Begin XCConfigurationList section */
		6C07A88611FEDDCD00358364 /* Build configuration list for PBXNativeTarget "IOC" */ = {
			isa = XCConfigurationList;
			buildConfigurations = (
				6C07A88311FEDDCA00358364 /* Debug */,
				6C07A88411FEDDCA00358364 /* Release */,
			);
			defaultConfigurationIsVisible = 0;
			defaultConfigurationName = Release;
		};
		6C1D739911F21E8500F0EFC2 /* Build configuration list for PBXNativeTarget "UnitTests" */ = {
			isa = XCConfigurationList;
			buildConfigurations = (
				6C1D739711F21E8500F0EFC2 /* Debug */,
				6C1D739811F21E8500F0EFC2 /* Release */,
			);
			defaultConfigurationIsVisible = 0;
			defaultConfigurationName = Release;
		};
		C01FCF4E08A954540054247B /* Build configuration list for PBXProject "IOC" */ = {
			isa = XCConfigurationList;
			buildConfigurations = (
				C01FCF4F08A954540054247B /* Debug */,
				C01FCF5008A954540054247B /* Release */,
			);
			defaultConfigurationIsVisible = 0;
			defaultConfigurationName = Release;
		};
/* End XCConfigurationList section */
	};
	rootObject = 29B97313FDCFA39411CA2CEA /* Project object */;
}
